dependencies:
- name: rabbitmq
  repository: https://charts.bitnami.com/bitnami
  version: 12.1.3
- name: rabbitmq
  repository: https://charts.bitnami.com/bitnami
  version: 12.1.3
- name: postgresql
  repository: https://charts.bitnami.com/bitnami
  version: 12.10.0
digest: sha256:7c0fecea0dd720939476b5fb35c83139496652448886c852e18a88af2e68c9ce
generated: "2023-09-02T23:35:24.214489+02:00"
